// !$*UTF8*$!
{
	archiveVersion = 1;
	classes = {
	};
	objectVersion = 48;
	objects = {

/* Begin PBXBuildFile section */
		136C5A391F9CDA6C00C9E702 /* ModuleDialog.framework in Frameworks */ = {isa = PBXBuildFile; fileRef = 136C5A381F9CDA5C00C9E702 /* ModuleDialog.framework */; };
		136C5A3A1F9CDA6C00C9E702 /* ModuleDialog.framework in Embed Frameworks */ = {isa = PBXBuildFile; fileRef = 136C5A381F9CDA5C00C9E702 /* ModuleDialog.framework */; settings = {ATTRIBUTES = (CodeSignOnCopy, RemoveHeadersOnCopy, ); }; };
		13DFE1D71F9CC9E400FCEA73 /* AppDelegate.swift in Sources */ = {isa = PBXBuildFile; fileRef = 13DFE1D61F9CC9E400FCEA73 /* AppDelegate.swift */; };
		13DFE1D91F9CC9E400FCEA73 /* ViewController.swift in Sources */ = {isa = PBXBuildFile; fileRef = 13DFE1D81F9CC9E400FCEA73 /* ViewController.swift */; };
		13DFE1DC1F9CC9E400FCEA73 /* Main.storyboard in Resources */ = {isa = PBXBuildFile; fileRef = 13DFE1DA1F9CC9E400FCEA73 /* Main.storyboard */; };
		13DFE1DE1F9CC9E400FCEA73 /* Assets.xcassets in Resources */ = {isa = PBXBuildFile; fileRef = 13DFE1DD1F9CC9E400FCEA73 /* Assets.xcassets */; };
		13DFE1E11F9CC9E400FCEA73 /* LaunchScreen.storyboard in Resources */ = {isa = PBXBuildFile; fileRef = 13DFE1DF1F9CC9E400FCEA73 /* LaunchScreen.storyboard */; };
		13DFE2291F9CD63C00FCEA73 /* CustomAPPDialog.swift in Sources */ = {isa = PBXBuildFile; fileRef = 13DFE2281F9CD63C00FCEA73 /* CustomAPPDialog.swift */; };
		13DFE22B1F9CD89A00FCEA73 /* NormalDialog.plist in Resources */ = {isa = PBXBuildFile; fileRef = 13DFE22A1F9CD89A00FCEA73 /* NormalDialog.plist */; };
/* End PBXBuildFile section */

/* Begin PBXContainerItemProxy section */
		136C5A371F9CDA5C00C9E702 /* PBXContainerItemProxy */ = {
			isa = PBXContainerItemProxy;
			containerPortal = 136C5A331F9CDA5B00C9E702 /* ModuleDialog.xcodeproj */;
			proxyType = 2;
			remoteGlobalIDString = 13DFE1F21F9CCA4800FCEA73;
			remoteInfo = ModuleDialog;
		};
		136C5A3B1F9CDA6C00C9E702 /* PBXContainerItemProxy */ = {
			isa = PBXContainerItemProxy;
			containerPortal = 136C5A331F9CDA5B00C9E702 /* ModuleDialog.xcodeproj */;
			proxyType = 1;
			remoteGlobalIDString = 13DFE1F11F9CCA4800FCEA73;
			remoteInfo = ModuleDialog;
		};
/* End PBXContainerItemProxy section */

/* Begin PBXCopyFilesBuildPhase section */
		13DFE2271F9CD5BE00FCEA73 /* Embed Frameworks */ = {
			isa = PBXCopyFilesBuildPhase;
			buildActionMask = 2147483647;
			dstPath = "";
			dstSubfolderSpec = 10;
			files = (
				136C5A3A1F9CDA6C00C9E702 /* ModuleDialog.framework in Embed Frameworks */,
			);
			name = "Embed Frameworks";
			runOnlyForDeploymentPostprocessing = 0;
		};
/* End PBXCopyFilesBuildPhase section */

/* Begin PBXFileReference section */
		136C5A331F9CDA5B00C9E702 /* ModuleDialog.xcodeproj */ = {isa = PBXFileReference; lastKnownFileType = "wrapper.pb-project"; name = ModuleDialog.xcodeproj; path = ModuleCustomDialog/ModuleDialog/ModuleDialog.xcodeproj; sourceTree = "<group>"; };
		13DFE1D31F9CC9E400FCEA73 /* ModuleCustomDialog.app */ = {isa = PBXFileReference; explicitFileType = wrapper.application; includeInIndex = 0; path = ModuleCustomDialog.app; sourceTree = BUILT_PRODUCTS_DIR; };
		13DFE1D61F9CC9E400FCEA73 /* AppDelegate.swift */ = {isa = PBXFileReference; lastKnownFileType = sourcecode.swift; path = AppDelegate.swift; sourceTree = "<group>"; };
		13DFE1D81F9CC9E400FCEA73 /* ViewController.swift */ = {isa = PBXFileReference; lastKnownFileType = sourcecode.swift; path = ViewController.swift; sourceTree = "<group>"; };
		13DFE1DB1F9CC9E400FCEA73 /* Base */ = {isa = PBXFileReference; lastKnownFileType = file.storyboard; name = Base; path = Base.lproj/Main.storyboard; sourceTree = "<group>"; };
		13DFE1DD1F9CC9E400FCEA73 /* Assets.xcassets */ = {isa = PBXFileReference; lastKnownFileType = folder.assetcatalog; path = Assets.xcassets; sourceTree = "<group>"; };
		13DFE1E01F9CC9E400FCEA73 /* Base */ = {isa = PBXFileReference; lastKnownFileType = file.storyboard; name = Base; path = Base.lproj/LaunchScreen.storyboard; sourceTree = "<group>"; };
		13DFE1E21F9CC9E400FCEA73 /* Info.plist */ = {isa = PBXFileReference; lastKnownFileType = text.plist.xml; path = Info.plist; sourceTree = "<group>"; };
		13DFE2281F9CD63C00FCEA73 /* CustomAPPDialog.swift */ = {isa = PBXFileReference; lastKnownFileType = sourcecode.swift; path = CustomAPPDialog.swift; sourceTree = "<group>"; };
		13DFE22A1F9CD89A00FCEA73 /* NormalDialog.plist */ = {isa = PBXFileReference; fileEncoding = 4; lastKnownFileType = text.plist.xml; path = NormalDialog.plist; sourceTree = "<group>"; };
/* End PBXFileReference section */

/* Begin PBXFrameworksBuildPhase section */
		13DFE1D01F9CC9E400FCEA73 /* Frameworks */ = {
			isa = PBXFrameworksBuildPhase;
			buildActionMask = 2147483647;
			files = (
				136C5A391F9CDA6C00C9E702 /* ModuleDialog.framework in Frameworks */,
			);
			runOnlyForDeploymentPostprocessing = 0;
		};
/* End PBXFrameworksBuildPhase section */

/* Begin PBXGroup section */
		136C5A341F9CDA5B00C9E702 /* Products */ = {
			isa = PBXGroup;
			children = (
				136C5A381F9CDA5C00C9E702 /* ModuleDialog.framework */,
			);
			name = Products;
			sourceTree = "<group>";
		};
		13DFE1CA1F9CC9E400FCEA73 = {
			isa = PBXGroup;
			children = (
				136C5A331F9CDA5B00C9E702 /* ModuleDialog.xcodeproj */,
				13DFE1D51F9CC9E400FCEA73 /* ModuleCustomDialog */,
				13DFE1D41F9CC9E400FCEA73 /* Products */,
				13DFE2211F9CD5B100FCEA73 /* Frameworks */,
			);
			sourceTree = "<group>";
		};
		13DFE1D41F9CC9E400FCEA73 /* Products */ = {
			isa = PBXGroup;
			children = (
				13DFE1D31F9CC9E400FCEA73 /* ModuleCustomDialog.app */,
			);
			name = Products;
			sourceTree = "<group>";
		};
		13DFE1D51F9CC9E400FCEA73 /* ModuleCustomDialog */ = {
			isa = PBXGroup;
			children = (
				13DFE1D61F9CC9E400FCEA73 /* AppDelegate.swift */,
				13DFE1D81F9CC9E400FCEA73 /* ViewController.swift */,
				13DFE2281F9CD63C00FCEA73 /* CustomAPPDialog.swift */,
				13DFE1DA1F9CC9E400FCEA73 /* Main.storyboard */,
				13DFE1DD1F9CC9E400FCEA73 /* Assets.xcassets */,
				13DFE1DF1F9CC9E400FCEA73 /* LaunchScreen.storyboard */,
				13DFE1E21F9CC9E400FCEA73 /* Info.plist */,
				13DFE22A1F9CD89A00FCEA73 /* NormalDialog.plist */,
			);
			path = ModuleCustomDialog;
			sourceTree = "<group>";
		};
		13DFE2211F9CD5B100FCEA73 /* Frameworks */ = {
			isa = PBXGroup;
			children = (
			);
			name = Frameworks;
			sourceTree = "<group>";
		};
/* End PBXGroup section */

/* Begin PBXNativeTarget section */
		13DFE1D21F9CC9E400FCEA73 /* ModuleCustomDialog */ = {
			isa = PBXNativeTarget;
			buildConfigurationList = 13DFE1E51F9CC9E400FCEA73 /* Build configuration list for PBXNativeTarget "ModuleCustomDialog" */;
			buildPhases = (
				13DFE1CF1F9CC9E400FCEA73 /* Sources */,
				13DFE1D01F9CC9E400FCEA73 /* Frameworks */,
				13DFE1D11F9CC9E400FCEA73 /* Resources */,
				13DFE2271F9CD5BE00FCEA73 /* Embed Frameworks */,
			);
			buildRules = (
			);
			dependencies = (
				136C5A3C1F9CDA6C00C9E702 /* PBXTargetDependency */,
			);
			name = ModuleCustomDialog;
			productName = ModuleCustomDialog;
			productReference = 13DFE1D31F9CC9E400FCEA73 /* ModuleCustomDialog.app */;
			productType = "com.apple.product-type.application";
		};
/* End PBXNativeTarget section */

/* Begin PBXProject section */
		13DFE1CB1F9CC9E400FCEA73 /* Project object */ = {
			isa = PBXProject;
			attributes = {
				LastSwiftUpdateCheck = 0900;
				LastUpgradeCheck = 0900;
				ORGANIZATIONNAME = Datoutwo;
				TargetAttributes = {
					13DFE1D21F9CC9E400FCEA73 = {
						CreatedOnToolsVersion = 9.0;
						ProvisioningStyle = Automatic;
					};
				};
			};
			buildConfigurationList = 13DFE1CE1F9CC9E400FCEA73 /* Build configuration list for PBXProject "ModuleCustomDialog" */;
			compatibilityVersion = "Xcode 8.0";
			developmentRegion = en;
			hasScannedForEncodings = 0;
			knownRegions = (
				en,
				Base,
			);
			mainGroup = 13DFE1CA1F9CC9E400FCEA73;
			productRefGroup = 13DFE1D41F9CC9E400FCEA73 /* Products */;
			projectDirPath = "";
			projectReferences = (
				{
					ProductGroup = 136C5A341F9CDA5B00C9E702 /* Products */;
					ProjectRef = 136C5A331F9CDA5B00C9E702 /* ModuleDialog.xcodeproj */;
				},
			);
			projectRoot = "";
			targets = (
				13DFE1D21F9CC9E400FCEA73 /* ModuleCustomDialog */,
			);
		};
/* End PBXProject section */

/* Begin PBXReferenceProxy section */
		136C5A381F9CDA5C00C9E702 /* ModuleDialog.framework */ = {
			isa = PBXReferenceProxy;
			fileType = wrapper.framework;
			path = ModuleDialog.framework;
			remoteRef = 136C5A371F9CDA5C00C9E702 /* PBXContainerItemProxy */;
			sourceTree = BUILT_PRODUCTS_DIR;
		};
/* End PBXReferenceProxy section */

/* Begin PBXResourcesBuildPhase section */
		13DFE1D11F9CC9E400FCEA73 /* Resources */ = {
			isa = PBXResourcesBuildPhase;
			buildActionMask = 2147483647;
			files = (
				13DFE1E11F9CC9E400FCEA73 /* LaunchScreen.storyboard in Resources */,
				13DFE22B1F9CD89A00FCEA73 /* NormalDialog.plist in Resources */,
				13DFE1DE1F9CC9E400FCEA73 /* Assets.xcassets in Resources */,
				13DFE1DC1F9CC9E400FCEA73 /* Main.storyboard in Resources */,
			);
			runOnlyForDeploymentPostprocessing = 0;
		};
/* End PBXResourcesBuildPhase section */

/* Begin PBXSourcesBuildPhase section */
		13DFE1CF1F9CC9E400FCEA73 /* Sources */ = {
			isa = PBXSourcesBuildPhase;
			buildActionMask = 2147483647;
			files = (
				13DFE2291F9CD63C00FCEA73 /* CustomAPPDialog.swift in Sources */,
				13DFE1D91F9CC9E400FCEA73 /* ViewController.swift in Sources */,
				13DFE1D71F9CC9E400FCEA73 /* AppDelegate.swift in Sources */,
			);
			runOnlyForDeploymentPostprocessing = 0;
		};
/* End PBXSourcesBuildPhase section */

/* Begin PBXTargetDependency section */
		136C5A3C1F9CDA6C00C9E702 /* PBXTargetDependency */ = {
			isa = PBXTargetDependency;
			name = ModuleDialog;
			targetProxy = 136C5A3B1F9CDA6C00C9E702 /* PBXContainerItemProxy */;
		};
/* End PBXTargetDependency section */

/* Begin PBXVariantGroup section */
		13DFE1DA1F9CC9E400FCEA73 /* Main.storyboard */ = {
			isa = PBXVariantGroup;
			children = (
				13DFE1DB1F9CC9E400FCEA73 /* Base */,
			);
			name = Main.storyboard;
			sourceTree = "<group>";
		};
		13DFE1DF1F9CC9E400FCEA73 /* LaunchScreen.storyboard */ = {
			isa = PBXVariantGroup;
			children = (
				13DFE1E01F9CC9E400FCEA73 /* Base */,
			);
			name = LaunchScreen.storyboard;
			sourceTree = "<group>";
		};
/* End PBXVariantGroup section */

/* Begin XCBuildConfiguration section */
		13DFE1E31F9CC9E400FCEA73 /* Debug */ = {
			isa = XCBuildConfiguration;
			buildSettings = {
				ALWAYS_SEARCH_USER_PATHS = NO;
				CLANG_ANALYZER_NONNULL = YES;
				CLANG_ANALYZER_NUMBER_OBJECT_CONVERSION = YES_AGGRESSIVE;
				CLANG_CXX_LANGUAGE_STANDARD = "gnu++14";
				CLANG_CXX_LIBRARY = "libc++";
				CLANG_ENABLE_MODULES = YES;
				CLANG_ENABLE_OBJC_ARC = YES;
				CLANG_WARN_BLOCK_CAPTURE_AUTORELEASING = YES;
				CLANG_WARN_BOOL_CONVERSION = YES;
				CLANG_WARN_COMMA = YES;
				CLANG_WARN_CONSTANT_CONVERSION = YES;
				CLANG_WARN_DIRECT_OBJC_ISA_USAGE = YES_ERROR;
				CLANG_WARN_DOCUMENTATION_COMMENTS = YES;
				CLANG_WARN_EMPTY_BODY = YES;
				CLANG_WARN_ENUM_CONVERSION = YES;
				CLANG_WARN_INFINITE_RECURSION = YES;
				CLANG_WARN_INT_CONVERSION = YES;
				CLANG_WARN_NON_LITERAL_NULL_CONVERSION = YES;
				CLANG_WARN_OBJC_LITERAL_CONVERSION = YES;
				CLANG_WARN_OBJC_ROOT_CLASS = YES_ERROR;
				CLANG_WARN_RANGE_LOOP_ANALYSIS = YES;
				CLANG_WARN_STRICT_PROTOTYPES = YES;
				CLANG_WARN_SUSPICIOUS_MOVE = YES;
				CLANG_WARN_UNGUARDED_AVAILABILITY = YES_AGGRESSIVE;
				CLANG_WARN_UNREACHABLE_CODE = YES;
				CLANG_WARN__DUPLICATE_METHOD_MATCH = YES;
				CODE_SIGN_IDENTITY = "iPhone Developer";
				COPY_PHASE_STRIP = NO;
				DEBUG_INFORMATION_FORMAT = dwarf;
				ENABLE_STRICT_OBJC_MSGSEND = YES;
				ENABLE_TESTABILITY = YES;
				GCC_C_LANGUAGE_STANDARD = gnu11;
				GCC_DYNAMIC_NO_PIC = NO;
				GCC_NO_COMMON_BLOCKS = YES;
				GCC_OPTIMIZATION_LEVEL = 0;
				GCC_PREPROCESSOR_DEFINITIONS = (
					"DEBUG=1",
					"$(inherited)",
				);
				GCC_WARN_64_TO_32_BIT_CONVERSION = YES;
				GCC_WARN_ABOUT_RETURN_TYPE = YES_ERROR;
				GCC_WARN_UNDECLARED_SELECTOR = YES;
				GCC_WARN_UNINITIALIZED_AUTOS = YES_AGGRESSIVE;
				GCC_WARN_UNUSED_FUNCTION = YES;
				GCC_WARN_UNUSED_VARIABLE = YES;
				IPHONEOS_DEPLOYMENT_TARGET = 11.0;
				MTL_ENABLE_DEBUG_INFO = YES;
				ONLY_ACTIVE_ARCH = YES;
				SDKROOT = iphoneos;
				SWIFT_ACTIVE_COMPILATION_CONDITIONS = DEBUG;
				SWIFT_OPTIMIZATION_LEVEL = "-Onone";
			};
			name = Debug;
		};
		13DFE1E41F9CC9E400FCEA73 /* Release */ = {
			isa = XCBuildConfiguration;
			buildSettings = {
				ALWAYS_SEARCH_USER_PATHS = NO;
				CLANG_ANALYZER_NONNULL = YES;
				CLANG_ANALYZER_NUMBER_OBJECT_CONVERSION = YES_AGGRESSIVE;
				CLANG_CXX_LANGUAGE_STANDARD = "gnu++14";
				CLANG_CXX_LIBRARY = "libc++";
				CLANG_ENABLE_MODULES = YES;
				CLANG_ENABLE_OBJC_ARC = YES;
				CLANG_WARN_BLOCK_CAPTURE_AUTORELEASING = YES;
				CLANG_WARN_BOOL_CONVERSION = YES;
				CLANG_WARN_COMMA = YES;
				CLANG_WARN_CONSTANT_CONVERSION = YES;
				CLANG_WARN_DIRECT_OBJC_ISA_USAGE = YES_ERROR;
				CLANG_WARN_DOCUMENTATION_COMMENTS = YES;
				CLANG_WARN_EMPTY_BODY = YES;
				CLANG_WARN_ENUM_CONVERSION = YES;
				CLANG_WARN_INFINITE_RECURSION = YES;
				CLANG_WARN_INT_CONVERSION = YES;
				CLANG_WARN_NON_LITERAL_NULL_CONVERSION = YES;
				CLANG_WARN_OBJC_LITERAL_CONVERSION = YES;
				CLANG_WARN_OBJC_ROOT_CLASS = YES_ERROR;
				CLANG_WARN_RANGE_LOOP_ANALYSIS = YES;
				CLANG_WARN_STRICT_PROTOTYPES = YES;
				CLANG_WARN_SUSPICIOUS_MOVE = YES;
				CLANG_WARN_UNGUARDED_AVAILABILITY = YES_AGGRESSIVE;
				CLANG_WARN_UNREACHABLE_CODE = YES;
				CLANG_WARN__DUPLICATE_METHOD_MATCH = YES;
				CODE_SIGN_IDENTITY = "iPhone Developer";
				COPY_PHASE_STRIP = NO;
				DEBUG_INFORMATION_FORMAT = "dwarf-with-dsym";
				ENABLE_NS_ASSERTIONS = NO;
				ENABLE_STRICT_OBJC_MSGSEND = YES;
				GCC_C_LANGUAGE_STANDARD = gnu11;
				GCC_NO_COMMON_BLOCKS = YES;
				GCC_WARN_64_TO_32_BIT_CONVERSION = YES;
				GCC_WARN_ABOUT_RETURN_TYPE = YES_ERROR;
				GCC_WARN_UNDECLARED_SELECTOR = YES;
				GCC_WARN_UNINITIALIZED_AUTOS = YES_AGGRESSIVE;
				GCC_WARN_UNUSED_FUNCTION = YES;
				GCC_WARN_UNUSED_VARIABLE = YES;
				IPHONEOS_DEPLOYMENT_TARGET = 11.0;
				MTL_ENABLE_DEBUG_INFO = NO;
				SDKROOT = iphoneos;
				SWIFT_OPTIMIZATION_LEVEL = "-Owholemodule";
				VALIDATE_PRODUCT = YES;
			};
			name = Release;
		};
		13DFE1E61F9CC9E400FCEA73 /* Debug */ = {
			isa = XCBuildConfiguration;
			buildSettings = {
				ALWAYS_EMBED_SWIFT_STANDARD_LIBRARIES = YES;
				ASSETCATALOG_COMPILER_APPICON_NAME = AppIcon;
				CODE_SIGN_STYLE = Automatic;
				INFOPLIST_FILE = ModuleCustomDialog/Info.plist;
				LD_RUNPATH_SEARCH_PATHS = "$(inherited) @executable_path/Frameworks";
				PRODUCT_BUNDLE_IDENTIFIER = com.ModuleCustomDialog;
				PRODUCT_NAME = "$(TARGET_NAME)";
				SWIFT_VERSION = 4.0;
				TARGETED_DEVICE_FAMILY = "1,2";
			};
			name = Debug;
		};
		13DFE1E71F9CC9E400FCEA73 /* Release */ = {
			isa = XCBuildConfiguration;
			buildSettings = {
				ALWAYS_EMBED_SWIFT_STANDARD_LIBRARIES = YES;
				ASSETCATALOG_COMPILER_APPICON_NAME = AppIcon;
				CODE_SIGN_STYLE = Automatic;
				INFOPLIST_FILE = ModuleCustomDialog/Info.plist;
				LD_RUNPATH_SEARCH_PATHS = "$(inherited) @executable_path/Frameworks";
				PRODUCT_BUNDLE_IDENTIFIER = com.ModuleCustomDialog;
				PRODUCT_NAME = "$(TARGET_NAME)";
				SWIFT_VERSION = 4.0;
				TARGETED_DEVICE_FAMILY = "1,2";
			};
			name = Release;
		};
/* End XCBuildConfiguration section */

/* Begin XCConfigurationList section */
		13DFE1CE1F9CC9E400FCEA73 /* Build configuration list for PBXProject "ModuleCustomDialog" */ = {
			isa = XCConfigurationList;
			buildConfigurations = (
				13DFE1E31F9CC9E400FCEA73 /* Debug */,
				13DFE1E41F9CC9E400FCEA73 /* Release */,
			);
			defaultConfigurationIsVisible = 0;
			defaultConfigurationName = Release;
		};
		13DFE1E51F9CC9E400FCEA73 /* Build configuration list for PBXNativeTarget "ModuleCustomDialog" */ = {
			isa = XCConfigurationList;
			buildConfigurations = (
				13DFE1E61F9CC9E400FCEA73 /* Debug */,
				13DFE1E71F9CC9E400FCEA73 /* Release */,
			);
			defaultConfigurationIsVisible = 0;
			defaultConfigurationName = Release;
		};
/* End XCConfigurationList section */
	};
	rootObject = 13DFE1CB1F9CC9E400FCEA73 /* Project object */;
}
